
Microsoft Visual Studio Solution File, Format Version 12.00
# Visual Studio Version 17
VisualStudioVersion = 17.0.32126.317
MinimumVisualStudioVersion = 10.0.40219.1
Project("{FAE04EC0-301F-11D3-BF4B-00C04F79EFBC}") = "Module2HW3", "Module2HW3\Module2HW3.csproj", "{F47082FE-F3E0-4D77-90D9-DFE2304114D2}"
EndProject
Global
	GlobalSection(SolutionConfigurationPlatforms) = preSolution
		Debug|Any CPU = Debug|Any CPU
		Release|Any CPU = Release|Any CPU
	EndGlobalSection
	GlobalSection(ProjectConfigurationPlatforms) = postSolution
		{F47082FE-F3E0-4D77-90D9-DFE2304114D2}.Debug|Any CPU.ActiveCfg = Debug|Any CPU
		{F47082FE-F3E0-4D77-90D9-DFE2304114D2}.Debug|Any CPU.Build.0 = Debug|Any CPU
		{F47082FE-F3E0-4D77-90D9-DFE2304114D2}.Release|Any CPU.ActiveCfg = Release|Any CPU
		{F47082FE-F3E0-4D77-90D9-DFE2304114D2}.Release|Any CPU.Build.0 = Release|Any CPU
	EndGlobalSection
	GlobalSection(SolutionProperties) = preSolution
		HideSolutionNode = FALSE
	EndGlobalSection
	GlobalSection(ExtensibilityGlobals) = postSolution
		SolutionGuid = {5152ED8B-C19D-4EC4-9E45-ABE7825B4E61}
	EndGlobalSection
EndGlobal
